
Microsoft Visual Studio Solution File, Format Version 12.00
# Visual Studio Version 16
VisualStudioVersion = 16.0.34407.143
MinimumVisualStudioVersion = 10.0.40219.1
Project("{FAE04EC0-301F-11D3-BF4B-00C04F79EFBC}") = "Задача 14", "Задача 14.csproj", "{F9AFC2AB-FB32-4A39-BD13-CE4ADD16D320}"
EndProject
Global
	GlobalSection(SolutionConfigurationPlatforms) = preSolution
		Debug|Any CPU = Debug|Any CPU
		Release|Any CPU = Release|Any CPU
	EndGlobalSection
	GlobalSection(ProjectConfigurationPlatforms) = postSolution
		{F9AFC2AB-FB32-4A39-BD13-CE4ADD16D320}.Debug|Any CPU.ActiveCfg = Debug|Any CPU
		{F9AFC2AB-FB32-4A39-BD13-CE4ADD16D320}.Debug|Any CPU.Build.0 = Debug|Any CPU
		{F9AFC2AB-FB32-4A39-BD13-CE4ADD16D320}.Release|Any CPU.ActiveCfg = Release|Any CPU
		{F9AFC2AB-FB32-4A39-BD13-CE4ADD16D320}.Release|Any CPU.Build.0 = Release|Any CPU
	EndGlobalSection
	GlobalSection(SolutionProperties) = preSolution
		HideSolutionNode = FALSE
	EndGlobalSection
	GlobalSection(ExtensibilityGlobals) = postSolution
		SolutionGuid = {A884F1CB-6722-4ED3-AE5E-5675D4E517F5}
	EndGlobalSection
EndGlobal
