
Microsoft Visual Studio Solution File, Format Version 12.00
# Visual Studio Version 16
VisualStudioVersion = 16.0.34407.143
MinimumVisualStudioVersion = 10.0.40219.1
Project("{FAE04EC0-301F-11D3-BF4B-00C04F79EFBC}") = "Задача 32", "Задача 32.csproj", "{354F2BE4-DAD9-4A0D-B580-A772C16FB84F}"
EndProject
Global
	GlobalSection(SolutionConfigurationPlatforms) = preSolution
		Debug|Any CPU = Debug|Any CPU
		Release|Any CPU = Release|Any CPU
	EndGlobalSection
	GlobalSection(ProjectConfigurationPlatforms) = postSolution
		{354F2BE4-DAD9-4A0D-B580-A772C16FB84F}.Debug|Any CPU.ActiveCfg = Debug|Any CPU
		{354F2BE4-DAD9-4A0D-B580-A772C16FB84F}.Debug|Any CPU.Build.0 = Debug|Any CPU
		{354F2BE4-DAD9-4A0D-B580-A772C16FB84F}.Release|Any CPU.ActiveCfg = Release|Any CPU
		{354F2BE4-DAD9-4A0D-B580-A772C16FB84F}.Release|Any CPU.Build.0 = Release|Any CPU
	EndGlobalSection
	GlobalSection(SolutionProperties) = preSolution
		HideSolutionNode = FALSE
	EndGlobalSection
	GlobalSection(ExtensibilityGlobals) = postSolution
		SolutionGuid = {A5B79DEB-9094-4204-9C6A-3D9BBB81A3B6}
	EndGlobalSection
EndGlobal
