
Microsoft Visual Studio Solution File, Format Version 12.00
# Visual Studio Version 16
VisualStudioVersion = 16.0.34407.143
MinimumVisualStudioVersion = 10.0.40219.1
Project("{FAE04EC0-301F-11D3-BF4B-00C04F79EFBC}") = "Задача 15", "Задача 15.csproj", "{6924E2DE-2B4E-4CBE-876C-9E81CD46A99D}"
EndProject
Global
	GlobalSection(SolutionConfigurationPlatforms) = preSolution
		Debug|Any CPU = Debug|Any CPU
		Release|Any CPU = Release|Any CPU
	EndGlobalSection
	GlobalSection(ProjectConfigurationPlatforms) = postSolution
		{6924E2DE-2B4E-4CBE-876C-9E81CD46A99D}.Debug|Any CPU.ActiveCfg = Debug|Any CPU
		{6924E2DE-2B4E-4CBE-876C-9E81CD46A99D}.Debug|Any CPU.Build.0 = Debug|Any CPU
		{6924E2DE-2B4E-4CBE-876C-9E81CD46A99D}.Release|Any CPU.ActiveCfg = Release|Any CPU
		{6924E2DE-2B4E-4CBE-876C-9E81CD46A99D}.Release|Any CPU.Build.0 = Release|Any CPU
	EndGlobalSection
	GlobalSection(SolutionProperties) = preSolution
		HideSolutionNode = FALSE
	EndGlobalSection
	GlobalSection(ExtensibilityGlobals) = postSolution
		SolutionGuid = {23850236-C663-4491-9A96-F190625CF18C}
	EndGlobalSection
EndGlobal
