
Microsoft Visual Studio Solution File, Format Version 12.00
# Visual Studio Version 16
VisualStudioVersion = 16.0.34407.143
MinimumVisualStudioVersion = 10.0.40219.1
Project("{FAE04EC0-301F-11D3-BF4B-00C04F79EFBC}") = "ConsoleApp1", "ConsoleApp1.csproj", "{DE6B05ED-B03D-4E5C-8DE6-A30121B1920D}"
EndProject
Global
	GlobalSection(SolutionConfigurationPlatforms) = preSolution
		Debug|Any CPU = Debug|Any CPU
		Release|Any CPU = Release|Any CPU
	EndGlobalSection
	GlobalSection(ProjectConfigurationPlatforms) = postSolution
		{DE6B05ED-B03D-4E5C-8DE6-A30121B1920D}.Debug|Any CPU.ActiveCfg = Debug|Any CPU
		{DE6B05ED-B03D-4E5C-8DE6-A30121B1920D}.Debug|Any CPU.Build.0 = Debug|Any CPU
		{DE6B05ED-B03D-4E5C-8DE6-A30121B1920D}.Release|Any CPU.ActiveCfg = Release|Any CPU
		{DE6B05ED-B03D-4E5C-8DE6-A30121B1920D}.Release|Any CPU.Build.0 = Release|Any CPU
	EndGlobalSection
	GlobalSection(SolutionProperties) = preSolution
		HideSolutionNode = FALSE
	EndGlobalSection
	GlobalSection(ExtensibilityGlobals) = postSolution
		SolutionGuid = {CC3DF71D-CA23-4864-B57A-CD5A925DC844}
	EndGlobalSection
EndGlobal
