
Microsoft Visual Studio Solution File, Format Version 12.00
# Visual Studio Version 16
VisualStudioVersion = 16.0.34407.143
MinimumVisualStudioVersion = 10.0.40219.1
Project("{FAE04EC0-301F-11D3-BF4B-00C04F79EFBC}") = "Задача 17", "Задача 17.csproj", "{F6B83EE4-E171-47D9-863B-48D43C63D4DB}"
EndProject
Global
	GlobalSection(SolutionConfigurationPlatforms) = preSolution
		Debug|Any CPU = Debug|Any CPU
		Release|Any CPU = Release|Any CPU
	EndGlobalSection
	GlobalSection(ProjectConfigurationPlatforms) = postSolution
		{F6B83EE4-E171-47D9-863B-48D43C63D4DB}.Debug|Any CPU.ActiveCfg = Debug|Any CPU
		{F6B83EE4-E171-47D9-863B-48D43C63D4DB}.Debug|Any CPU.Build.0 = Debug|Any CPU
		{F6B83EE4-E171-47D9-863B-48D43C63D4DB}.Release|Any CPU.ActiveCfg = Release|Any CPU
		{F6B83EE4-E171-47D9-863B-48D43C63D4DB}.Release|Any CPU.Build.0 = Release|Any CPU
	EndGlobalSection
	GlobalSection(SolutionProperties) = preSolution
		HideSolutionNode = FALSE
	EndGlobalSection
	GlobalSection(ExtensibilityGlobals) = postSolution
		SolutionGuid = {2AA284E4-9A01-4E3E-86B4-43FB87DB67D9}
	EndGlobalSection
EndGlobal
