
Microsoft Visual Studio Solution File, Format Version 12.00
# Visual Studio Version 16
VisualStudioVersion = 16.0.34407.143
MinimumVisualStudioVersion = 10.0.40219.1
Project("{FAE04EC0-301F-11D3-BF4B-00C04F79EFBC}") = "Задача 49", "Задача 49.csproj", "{BB78783B-47E6-408F-81D7-C998B1335C77}"
EndProject
Global
	GlobalSection(SolutionConfigurationPlatforms) = preSolution
		Debug|Any CPU = Debug|Any CPU
		Release|Any CPU = Release|Any CPU
	EndGlobalSection
	GlobalSection(ProjectConfigurationPlatforms) = postSolution
		{BB78783B-47E6-408F-81D7-C998B1335C77}.Debug|Any CPU.ActiveCfg = Debug|Any CPU
		{BB78783B-47E6-408F-81D7-C998B1335C77}.Debug|Any CPU.Build.0 = Debug|Any CPU
		{BB78783B-47E6-408F-81D7-C998B1335C77}.Release|Any CPU.ActiveCfg = Release|Any CPU
		{BB78783B-47E6-408F-81D7-C998B1335C77}.Release|Any CPU.Build.0 = Release|Any CPU
	EndGlobalSection
	GlobalSection(SolutionProperties) = preSolution
		HideSolutionNode = FALSE
	EndGlobalSection
	GlobalSection(ExtensibilityGlobals) = postSolution
		SolutionGuid = {CC533BD4-E04B-4FCD-9405-9ECA95628D81}
	EndGlobalSection
EndGlobal
