
Microsoft Visual Studio Solution File, Format Version 12.00
# Visual Studio Version 16
VisualStudioVersion = 16.0.34407.143
MinimumVisualStudioVersion = 10.0.40219.1
Project("{FAE04EC0-301F-11D3-BF4B-00C04F79EFBC}") = "Задача 8", "Задача 8.csproj", "{D9064A80-31A3-444A-BAC4-DBA5625AFAB2}"
EndProject
Global
	GlobalSection(SolutionConfigurationPlatforms) = preSolution
		Debug|Any CPU = Debug|Any CPU
		Release|Any CPU = Release|Any CPU
	EndGlobalSection
	GlobalSection(ProjectConfigurationPlatforms) = postSolution
		{D9064A80-31A3-444A-BAC4-DBA5625AFAB2}.Debug|Any CPU.ActiveCfg = Debug|Any CPU
		{D9064A80-31A3-444A-BAC4-DBA5625AFAB2}.Debug|Any CPU.Build.0 = Debug|Any CPU
		{D9064A80-31A3-444A-BAC4-DBA5625AFAB2}.Release|Any CPU.ActiveCfg = Release|Any CPU
		{D9064A80-31A3-444A-BAC4-DBA5625AFAB2}.Release|Any CPU.Build.0 = Release|Any CPU
	EndGlobalSection
	GlobalSection(SolutionProperties) = preSolution
		HideSolutionNode = FALSE
	EndGlobalSection
	GlobalSection(ExtensibilityGlobals) = postSolution
		SolutionGuid = {D5FF789D-A10F-4384-AEB9-83530970298B}
	EndGlobalSection
EndGlobal
